
Microsoft Visual Studio Solution File, Format Version 12.00
# Visual Studio Version 16
VisualStudioVersion = 16.0.31624.102
MinimumVisualStudioVersion = 10.0.40219.1
Project("{9A19103F-16F7-4668-BE54-9A1E7A4F7556}") = "Lesson1.1Lib", "Lesson1.1Lib\Lesson1.1Lib.csproj", "{85AFC6B6-F760-4C7A-B5BC-4566DB65D350}"
EndProject
Project("{9A19103F-16F7-4668-BE54-9A1E7A4F7556}") = "Test", "..\..\Lesson1.1Lib\Test\Test.csproj", "{CA2B56B2-69B2-424D-94B0-3398580328D9}"
	ProjectSection(ProjectDependencies) = postProject
		{85AFC6B6-F760-4C7A-B5BC-4566DB65D350} = {85AFC6B6-F760-4C7A-B5BC-4566DB65D350}
	EndProjectSection
EndProject
Global
	GlobalSection(SolutionConfigurationPlatforms) = preSolution
		Debug|Any CPU = Debug|Any CPU
		Release|Any CPU = Release|Any CPU
	EndGlobalSection
	GlobalSection(ProjectConfigurationPlatforms) = postSolution
		{85AFC6B6-F760-4C7A-B5BC-4566DB65D350}.Debug|Any CPU.ActiveCfg = Debug|Any CPU
		{85AFC6B6-F760-4C7A-B5BC-4566DB65D350}.Debug|Any CPU.Build.0 = Debug|Any CPU
		{85AFC6B6-F760-4C7A-B5BC-4566DB65D350}.Release|Any CPU.ActiveCfg = Release|Any CPU
		{85AFC6B6-F760-4C7A-B5BC-4566DB65D350}.Release|Any CPU.Build.0 = Release|Any CPU
		{CA2B56B2-69B2-424D-94B0-3398580328D9}.Debug|Any CPU.ActiveCfg = Debug|Any CPU
		{CA2B56B2-69B2-424D-94B0-3398580328D9}.Debug|Any CPU.Build.0 = Debug|Any CPU
		{CA2B56B2-69B2-424D-94B0-3398580328D9}.Release|Any CPU.ActiveCfg = Release|Any CPU
		{CA2B56B2-69B2-424D-94B0-3398580328D9}.Release|Any CPU.Build.0 = Release|Any CPU
	EndGlobalSection
	GlobalSection(SolutionProperties) = preSolution
		HideSolutionNode = FALSE
	EndGlobalSection
	GlobalSection(ExtensibilityGlobals) = postSolution
		SolutionGuid = {B500CC75-534C-40EF-9A1E-A3664EDA3A47}
	EndGlobalSection
EndGlobal
